
Microsoft Visual Studio Solution File, Format Version 12.00
# Visual Studio Version 17
VisualStudioVersion = 17.8.34330.188
MinimumVisualStudioVersion = 10.0.40219.1
Project("{FAE04EC0-301F-11D3-BF4B-00C04F79EFBC}") = "DiceRoller", "DiceRoller\DiceRoller.csproj", "{AA749C87-E610-4E42-AC7D-23910174A1D6}"
EndProject
Global
	GlobalSection(SolutionConfigurationPlatforms) = preSolution
		Debug|Any CPU = Debug|Any CPU
		Release|Any CPU = Release|Any CPU
	EndGlobalSection
	GlobalSection(ProjectConfigurationPlatforms) = postSolution
		{AA749C87-E610-4E42-AC7D-23910174A1D6}.Debug|Any CPU.ActiveCfg = Debug|Any CPU
		{AA749C87-E610-4E42-AC7D-23910174A1D6}.Debug|Any CPU.Build.0 = Debug|Any CPU
		{AA749C87-E610-4E42-AC7D-23910174A1D6}.Debug|Any CPU.Deploy.0 = Debug|Any CPU
		{AA749C87-E610-4E42-AC7D-23910174A1D6}.Release|Any CPU.ActiveCfg = Release|Any CPU
		{AA749C87-E610-4E42-AC7D-23910174A1D6}.Release|Any CPU.Build.0 = Release|Any CPU
		{AA749C87-E610-4E42-AC7D-23910174A1D6}.Release|Any CPU.Deploy.0 = Release|Any CPU
	EndGlobalSection
	GlobalSection(SolutionProperties) = preSolution
		HideSolutionNode = FALSE
	EndGlobalSection
	GlobalSection(ExtensibilityGlobals) = postSolution
		SolutionGuid = {DA219A49-DD99-4E0A-9DAC-72EBB1F32873}
	EndGlobalSection
EndGlobal
